
Microsoft Visual Studio Solution File, Format Version 12.00
# Visual Studio Version 17
VisualStudioVersion = 17.13.35931.197 d17.13
MinimumVisualStudioVersion = 10.0.40219.1
Project("{FAE04EC0-301F-11D3-BF4B-00C04F79EFBC}") = "ProcessesKiller", "ProcessesKiller.csproj", "{13AB7EF7-1E16-4976-A8C2-CA17F03B5CDE}"
EndProject
Global
	GlobalSection(SolutionConfigurationPlatforms) = preSolution
		Debug|Any CPU = Debug|Any CPU
		Release|Any CPU = Release|Any CPU
	EndGlobalSection
	GlobalSection(ProjectConfigurationPlatforms) = postSolution
		{13AB7EF7-1E16-4976-A8C2-CA17F03B5CDE}.Debug|Any CPU.ActiveCfg = Release|Any CPU
		{13AB7EF7-1E16-4976-A8C2-CA17F03B5CDE}.Debug|Any CPU.Build.0 = Release|Any CPU
		{13AB7EF7-1E16-4976-A8C2-CA17F03B5CDE}.Release|Any CPU.ActiveCfg = Release|Any CPU
		{13AB7EF7-1E16-4976-A8C2-CA17F03B5CDE}.Release|Any CPU.Build.0 = Release|Any CPU
	EndGlobalSection
	GlobalSection(SolutionProperties) = preSolution
		HideSolutionNode = FALSE
	EndGlobalSection
	GlobalSection(ExtensibilityGlobals) = postSolution
		SolutionGuid = {EE50D72F-8736-40A2-B6E1-8DEFA46D4868}
	EndGlobalSection
EndGlobal
